
Microsoft Visual Studio Solution File, Format Version 12.00
# Visual Studio Version 17
VisualStudioVersion = 17.3.32929.385
MinimumVisualStudioVersion = 10.0.40219.1
Project("{FAE04EC0-301F-11D3-BF4B-00C04F79EFBC}") = "CrowdFoundAppTeam3", "CrowdFundAppTeam3\CrowdFoundAppTeam3.csproj", "{E38EAA55-1055-4369-B264-CD513F49DF90}"
EndProject
Global
	GlobalSection(SolutionConfigurationPlatforms) = preSolution
		Debug|Any CPU = Debug|Any CPU
		Release|Any CPU = Release|Any CPU
	EndGlobalSection
	GlobalSection(ProjectConfigurationPlatforms) = postSolution
		{E38EAA55-1055-4369-B264-CD513F49DF90}.Debug|Any CPU.ActiveCfg = Debug|Any CPU
		{E38EAA55-1055-4369-B264-CD513F49DF90}.Debug|Any CPU.Build.0 = Debug|Any CPU
		{E38EAA55-1055-4369-B264-CD513F49DF90}.Release|Any CPU.ActiveCfg = Release|Any CPU
		{E38EAA55-1055-4369-B264-CD513F49DF90}.Release|Any CPU.Build.0 = Release|Any CPU
	EndGlobalSection
	GlobalSection(SolutionProperties) = preSolution
		HideSolutionNode = FALSE
	EndGlobalSection
	GlobalSection(ExtensibilityGlobals) = postSolution
		SolutionGuid = {5AC8D32C-0635-4C08-8A2B-D99472CAED43}
	EndGlobalSection
EndGlobal
